
Microsoft Visual Studio Solution File, Format Version 12.00
# Visual Studio Version 16
VisualStudioVersion = 16.0.30406.217
MinimumVisualStudioVersion = 10.0.40219.1
Project("{FAE04EC0-301F-11D3-BF4B-00C04F79EFBC}") = "TestApp.UI", "TestApp.UI\TestApp.UI.csproj", "{AFB35947-8E2D-4354-88FB-57D64EE3CA77}"
EndProject
Project("{FAE04EC0-301F-11D3-BF4B-00C04F79EFBC}") = "TestApp.DataAccess", "TestApp.DataAccess\TestApp.DataAccess.csproj", "{38BA12E7-72EB-4C4D-A9F2-945639820312}"
EndProject
Project("{FAE04EC0-301F-11D3-BF4B-00C04F79EFBC}") = "TestApp.Model", "TestApp.Model\TestApp.Model.csproj", "{B9FF148B-7CDE-4BF6-BF06-383A06E49124}"
EndProject
Project("{FAE04EC0-301F-11D3-BF4B-00C04F79EFBC}") = "TestApp.Tools", "TestApp.Tools\TestApp.Tools.csproj", "{84BBC586-9DA7-41D0-9A1D-9EFD44EAE5C0}"
EndProject
Global
	GlobalSection(SolutionConfigurationPlatforms) = preSolution
		Debug|Any CPU = Debug|Any CPU
		Release|Any CPU = Release|Any CPU
	EndGlobalSection
	GlobalSection(ProjectConfigurationPlatforms) = postSolution
		{AFB35947-8E2D-4354-88FB-57D64EE3CA77}.Debug|Any CPU.ActiveCfg = Debug|Any CPU
		{AFB35947-8E2D-4354-88FB-57D64EE3CA77}.Debug|Any CPU.Build.0 = Debug|Any CPU
		{AFB35947-8E2D-4354-88FB-57D64EE3CA77}.Release|Any CPU.ActiveCfg = Release|Any CPU
		{AFB35947-8E2D-4354-88FB-57D64EE3CA77}.Release|Any CPU.Build.0 = Release|Any CPU
		{38BA12E7-72EB-4C4D-A9F2-945639820312}.Debug|Any CPU.ActiveCfg = Debug|Any CPU
		{38BA12E7-72EB-4C4D-A9F2-945639820312}.Debug|Any CPU.Build.0 = Debug|Any CPU
		{38BA12E7-72EB-4C4D-A9F2-945639820312}.Release|Any CPU.ActiveCfg = Release|Any CPU
		{38BA12E7-72EB-4C4D-A9F2-945639820312}.Release|Any CPU.Build.0 = Release|Any CPU
		{B9FF148B-7CDE-4BF6-BF06-383A06E49124}.Debug|Any CPU.ActiveCfg = Debug|Any CPU
		{B9FF148B-7CDE-4BF6-BF06-383A06E49124}.Debug|Any CPU.Build.0 = Debug|Any CPU
		{B9FF148B-7CDE-4BF6-BF06-383A06E49124}.Release|Any CPU.ActiveCfg = Release|Any CPU
		{B9FF148B-7CDE-4BF6-BF06-383A06E49124}.Release|Any CPU.Build.0 = Release|Any CPU
		{84BBC586-9DA7-41D0-9A1D-9EFD44EAE5C0}.Debug|Any CPU.ActiveCfg = Debug|Any CPU
		{84BBC586-9DA7-41D0-9A1D-9EFD44EAE5C0}.Debug|Any CPU.Build.0 = Debug|Any CPU
		{84BBC586-9DA7-41D0-9A1D-9EFD44EAE5C0}.Release|Any CPU.ActiveCfg = Release|Any CPU
		{84BBC586-9DA7-41D0-9A1D-9EFD44EAE5C0}.Release|Any CPU.Build.0 = Release|Any CPU
	EndGlobalSection
	GlobalSection(SolutionProperties) = preSolution
		HideSolutionNode = FALSE
	EndGlobalSection
	GlobalSection(ExtensibilityGlobals) = postSolution
		SolutionGuid = {DF6348A1-B1F3-421D-AB56-58D5684F32B9}
	EndGlobalSection
EndGlobal
